
Microsoft Visual Studio Solution File, Format Version 12.00
# Visual Studio 15
VisualStudioVersion = 15.0.28307.1062
MinimumVisualStudioVersion = 10.0.40219.1
Project("{FAE04EC0-301F-11D3-BF4B-00C04F79EFBC}") = "Andra_Per5_Program3", "Andra_Per5_Program3\Andra_Per5_Program3.csproj", "{916D6F5B-B322-423F-99C9-3CDB1CC01326}"
EndProject
Global
	GlobalSection(SolutionConfigurationPlatforms) = preSolution
		Debug|Any CPU = Debug|Any CPU
		Release|Any CPU = Release|Any CPU
	EndGlobalSection
	GlobalSection(ProjectConfigurationPlatforms) = postSolution
		{916D6F5B-B322-423F-99C9-3CDB1CC01326}.Debug|Any CPU.ActiveCfg = Debug|Any CPU
		{916D6F5B-B322-423F-99C9-3CDB1CC01326}.Debug|Any CPU.Build.0 = Debug|Any CPU
		{916D6F5B-B322-423F-99C9-3CDB1CC01326}.Release|Any CPU.ActiveCfg = Release|Any CPU
		{916D6F5B-B322-423F-99C9-3CDB1CC01326}.Release|Any CPU.Build.0 = Release|Any CPU
	EndGlobalSection
	GlobalSection(SolutionProperties) = preSolution
		HideSolutionNode = FALSE
	EndGlobalSection
	GlobalSection(ExtensibilityGlobals) = postSolution
		SolutionGuid = {2BF18AA7-3164-402A-80C6-A3439F80DCE2}
	EndGlobalSection
EndGlobal
