
Microsoft Visual Studio Solution File, Format Version 12.00
# Visual Studio 15
VisualStudioVersion = 15.0.28307.1062
MinimumVisualStudioVersion = 10.0.40219.1
Project("{FAE04EC0-301F-11D3-BF4B-00C04F79EFBC}") = "Andra_Pertemuan5_Program2", "Andra_Pertemuan5_Program2\Andra_Pertemuan5_Program2.csproj", "{60D60861-65E8-463D-B5F9-B737A983462E}"
EndProject
Global
	GlobalSection(SolutionConfigurationPlatforms) = preSolution
		Debug|Any CPU = Debug|Any CPU
		Release|Any CPU = Release|Any CPU
	EndGlobalSection
	GlobalSection(ProjectConfigurationPlatforms) = postSolution
		{60D60861-65E8-463D-B5F9-B737A983462E}.Debug|Any CPU.ActiveCfg = Debug|Any CPU
		{60D60861-65E8-463D-B5F9-B737A983462E}.Debug|Any CPU.Build.0 = Debug|Any CPU
		{60D60861-65E8-463D-B5F9-B737A983462E}.Release|Any CPU.ActiveCfg = Release|Any CPU
		{60D60861-65E8-463D-B5F9-B737A983462E}.Release|Any CPU.Build.0 = Release|Any CPU
	EndGlobalSection
	GlobalSection(SolutionProperties) = preSolution
		HideSolutionNode = FALSE
	EndGlobalSection
	GlobalSection(ExtensibilityGlobals) = postSolution
		SolutionGuid = {75015DF2-07F7-453F-9A36-ABADE627F458}
	EndGlobalSection
EndGlobal
