
Microsoft Visual Studio Solution File, Format Version 12.00
# Visual Studio 15
VisualStudioVersion = 15.0.28307.1062
MinimumVisualStudioVersion = 10.0.40219.1
Project("{FAE04EC0-301F-11D3-BF4B-00C04F79EFBC}") = "BelajarControl1", "BelajarControl1\BelajarControl1.csproj", "{48A07D83-5216-4CB1-993E-049B2D6BD69E}"
EndProject
Global
	GlobalSection(SolutionConfigurationPlatforms) = preSolution
		Debug|Any CPU = Debug|Any CPU
		Release|Any CPU = Release|Any CPU
	EndGlobalSection
	GlobalSection(ProjectConfigurationPlatforms) = postSolution
		{48A07D83-5216-4CB1-993E-049B2D6BD69E}.Debug|Any CPU.ActiveCfg = Debug|Any CPU
		{48A07D83-5216-4CB1-993E-049B2D6BD69E}.Debug|Any CPU.Build.0 = Debug|Any CPU
		{48A07D83-5216-4CB1-993E-049B2D6BD69E}.Release|Any CPU.ActiveCfg = Release|Any CPU
		{48A07D83-5216-4CB1-993E-049B2D6BD69E}.Release|Any CPU.Build.0 = Release|Any CPU
	EndGlobalSection
	GlobalSection(SolutionProperties) = preSolution
		HideSolutionNode = FALSE
	EndGlobalSection
	GlobalSection(ExtensibilityGlobals) = postSolution
		SolutionGuid = {1C2CC655-343B-4B7E-AB75-67C75406321E}
	EndGlobalSection
EndGlobal
