
Microsoft Visual Studio Solution File, Format Version 12.00
# Visual Studio 15
VisualStudioVersion = 15.0.28307.1062
MinimumVisualStudioVersion = 10.0.40219.1
Project("{FAE04EC0-301F-11D3-BF4B-00C04F79EFBC}") = "MenuControl", "MenuControl\MenuControl.csproj", "{0DC125FF-5945-49B4-B82B-A636B7363B59}"
EndProject
Global
	GlobalSection(SolutionConfigurationPlatforms) = preSolution
		Debug|Any CPU = Debug|Any CPU
		Release|Any CPU = Release|Any CPU
	EndGlobalSection
	GlobalSection(ProjectConfigurationPlatforms) = postSolution
		{0DC125FF-5945-49B4-B82B-A636B7363B59}.Debug|Any CPU.ActiveCfg = Debug|Any CPU
		{0DC125FF-5945-49B4-B82B-A636B7363B59}.Debug|Any CPU.Build.0 = Debug|Any CPU
		{0DC125FF-5945-49B4-B82B-A636B7363B59}.Release|Any CPU.ActiveCfg = Release|Any CPU
		{0DC125FF-5945-49B4-B82B-A636B7363B59}.Release|Any CPU.Build.0 = Release|Any CPU
	EndGlobalSection
	GlobalSection(SolutionProperties) = preSolution
		HideSolutionNode = FALSE
	EndGlobalSection
	GlobalSection(ExtensibilityGlobals) = postSolution
		SolutionGuid = {16467DA5-3CA6-4ED3-BDE4-32D5316BA3DC}
	EndGlobalSection
EndGlobal
