
Microsoft Visual Studio Solution File, Format Version 12.00
# Visual Studio 15
VisualStudioVersion = 15.0.28307.1062
MinimumVisualStudioVersion = 10.0.40219.1
Project("{FAE04EC0-301F-11D3-BF4B-00C04F79EFBC}") = "BelajarDictionary", "BelajarDictionary\BelajarDictionary.csproj", "{4CC441D4-A423-4664-A924-6ACBDF1D7240}"
EndProject
Global
	GlobalSection(SolutionConfigurationPlatforms) = preSolution
		Debug|Any CPU = Debug|Any CPU
		Release|Any CPU = Release|Any CPU
	EndGlobalSection
	GlobalSection(ProjectConfigurationPlatforms) = postSolution
		{4CC441D4-A423-4664-A924-6ACBDF1D7240}.Debug|Any CPU.ActiveCfg = Debug|Any CPU
		{4CC441D4-A423-4664-A924-6ACBDF1D7240}.Debug|Any CPU.Build.0 = Debug|Any CPU
		{4CC441D4-A423-4664-A924-6ACBDF1D7240}.Release|Any CPU.ActiveCfg = Release|Any CPU
		{4CC441D4-A423-4664-A924-6ACBDF1D7240}.Release|Any CPU.Build.0 = Release|Any CPU
	EndGlobalSection
	GlobalSection(SolutionProperties) = preSolution
		HideSolutionNode = FALSE
	EndGlobalSection
	GlobalSection(ExtensibilityGlobals) = postSolution
		SolutionGuid = {CEBCD5B5-CEE5-45AF-8ED3-E2FA45682A5E}
	EndGlobalSection
EndGlobal
