
Microsoft Visual Studio Solution File, Format Version 12.00
# Visual Studio 15
VisualStudioVersion = 15.0.28307.1062
MinimumVisualStudioVersion = 10.0.40219.1
Project("{FAE04EC0-301F-11D3-BF4B-00C04F79EFBC}") = "Pertemuan10_Grid", "Pertemuan10_Grid\Pertemuan10_Grid.csproj", "{7AD725A1-F3FD-488E-A182-CA9B936942D9}"
EndProject
Global
	GlobalSection(SolutionConfigurationPlatforms) = preSolution
		Debug|Any CPU = Debug|Any CPU
		Release|Any CPU = Release|Any CPU
	EndGlobalSection
	GlobalSection(ProjectConfigurationPlatforms) = postSolution
		{7AD725A1-F3FD-488E-A182-CA9B936942D9}.Debug|Any CPU.ActiveCfg = Debug|Any CPU
		{7AD725A1-F3FD-488E-A182-CA9B936942D9}.Debug|Any CPU.Build.0 = Debug|Any CPU
		{7AD725A1-F3FD-488E-A182-CA9B936942D9}.Release|Any CPU.ActiveCfg = Release|Any CPU
		{7AD725A1-F3FD-488E-A182-CA9B936942D9}.Release|Any CPU.Build.0 = Release|Any CPU
	EndGlobalSection
	GlobalSection(SolutionProperties) = preSolution
		HideSolutionNode = FALSE
	EndGlobalSection
	GlobalSection(ExtensibilityGlobals) = postSolution
		SolutionGuid = {5E26C42A-1EA9-4ACD-A1F6-A26A7109BAAD}
	EndGlobalSection
EndGlobal
