
Microsoft Visual Studio Solution File, Format Version 12.00
# Visual Studio 15
VisualStudioVersion = 15.0.28307.1062
MinimumVisualStudioVersion = 10.0.40219.1
Project("{FAE04EC0-301F-11D3-BF4B-00C04F79EFBC}") = "BelajarPassValue", "BelajarPassValue\BelajarPassValue.csproj", "{5F592903-0739-401B-A8F1-7DEF317AF0FA}"
EndProject
Global
	GlobalSection(SolutionConfigurationPlatforms) = preSolution
		Debug|Any CPU = Debug|Any CPU
		Release|Any CPU = Release|Any CPU
	EndGlobalSection
	GlobalSection(ProjectConfigurationPlatforms) = postSolution
		{5F592903-0739-401B-A8F1-7DEF317AF0FA}.Debug|Any CPU.ActiveCfg = Debug|Any CPU
		{5F592903-0739-401B-A8F1-7DEF317AF0FA}.Debug|Any CPU.Build.0 = Debug|Any CPU
		{5F592903-0739-401B-A8F1-7DEF317AF0FA}.Release|Any CPU.ActiveCfg = Release|Any CPU
		{5F592903-0739-401B-A8F1-7DEF317AF0FA}.Release|Any CPU.Build.0 = Release|Any CPU
	EndGlobalSection
	GlobalSection(SolutionProperties) = preSolution
		HideSolutionNode = FALSE
	EndGlobalSection
	GlobalSection(ExtensibilityGlobals) = postSolution
		SolutionGuid = {B0DD891E-83EA-418D-9289-7415F486C74F}
	EndGlobalSection
EndGlobal
