
Microsoft Visual Studio Solution File, Format Version 12.00
# Visual Studio 15
VisualStudioVersion = 15.0.28307.1062
MinimumVisualStudioVersion = 10.0.40219.1
Project("{FAE04EC0-301F-11D3-BF4B-00C04F79EFBC}") = "BelajarTabControl_Contoh2", "BelajarTabControl_Contoh2\BelajarTabControl_Contoh2.csproj", "{A2BCE94B-79D3-4E9F-9C21-238210799A18}"
EndProject
Global
	GlobalSection(SolutionConfigurationPlatforms) = preSolution
		Debug|Any CPU = Debug|Any CPU
		Release|Any CPU = Release|Any CPU
	EndGlobalSection
	GlobalSection(ProjectConfigurationPlatforms) = postSolution
		{A2BCE94B-79D3-4E9F-9C21-238210799A18}.Debug|Any CPU.ActiveCfg = Debug|Any CPU
		{A2BCE94B-79D3-4E9F-9C21-238210799A18}.Debug|Any CPU.Build.0 = Debug|Any CPU
		{A2BCE94B-79D3-4E9F-9C21-238210799A18}.Release|Any CPU.ActiveCfg = Release|Any CPU
		{A2BCE94B-79D3-4E9F-9C21-238210799A18}.Release|Any CPU.Build.0 = Release|Any CPU
	EndGlobalSection
	GlobalSection(SolutionProperties) = preSolution
		HideSolutionNode = FALSE
	EndGlobalSection
	GlobalSection(ExtensibilityGlobals) = postSolution
		SolutionGuid = {0AB528FB-33B9-4618-A125-3F65562620E0}
	EndGlobalSection
EndGlobal
