
Microsoft Visual Studio Solution File, Format Version 12.00
# Visual Studio 15
VisualStudioVersion = 15.0.28307.1062
MinimumVisualStudioVersion = 10.0.40219.1
Project("{FAE04EC0-301F-11D3-BF4B-00C04F79EFBC}") = "BelajarSwitch", "BelajarSwitch\BelajarSwitch.csproj", "{C002038A-EA7D-4A9F-BB00-C3D81E31B53B}"
EndProject
Global
	GlobalSection(SolutionConfigurationPlatforms) = preSolution
		Debug|Any CPU = Debug|Any CPU
		Release|Any CPU = Release|Any CPU
	EndGlobalSection
	GlobalSection(ProjectConfigurationPlatforms) = postSolution
		{C002038A-EA7D-4A9F-BB00-C3D81E31B53B}.Debug|Any CPU.ActiveCfg = Debug|Any CPU
		{C002038A-EA7D-4A9F-BB00-C3D81E31B53B}.Debug|Any CPU.Build.0 = Debug|Any CPU
		{C002038A-EA7D-4A9F-BB00-C3D81E31B53B}.Release|Any CPU.ActiveCfg = Release|Any CPU
		{C002038A-EA7D-4A9F-BB00-C3D81E31B53B}.Release|Any CPU.Build.0 = Release|Any CPU
	EndGlobalSection
	GlobalSection(SolutionProperties) = preSolution
		HideSolutionNode = FALSE
	EndGlobalSection
	GlobalSection(ExtensibilityGlobals) = postSolution
		SolutionGuid = {A0264F28-FF2A-464F-B8F4-0F873457DFC2}
	EndGlobalSection
EndGlobal
