
Microsoft Visual Studio Solution File, Format Version 12.00
# Visual Studio 15
VisualStudioVersion = 15.0.28307.1062
MinimumVisualStudioVersion = 10.0.40219.1
Project("{FAE04EC0-301F-11D3-BF4B-00C04F79EFBC}") = "ComboBox", "ComboBox\ComboBox.csproj", "{FA114CCB-6459-42F2-938B-B93E8050B814}"
EndProject
Global
	GlobalSection(SolutionConfigurationPlatforms) = preSolution
		Debug|Any CPU = Debug|Any CPU
		Release|Any CPU = Release|Any CPU
	EndGlobalSection
	GlobalSection(ProjectConfigurationPlatforms) = postSolution
		{FA114CCB-6459-42F2-938B-B93E8050B814}.Debug|Any CPU.ActiveCfg = Debug|Any CPU
		{FA114CCB-6459-42F2-938B-B93E8050B814}.Debug|Any CPU.Build.0 = Debug|Any CPU
		{FA114CCB-6459-42F2-938B-B93E8050B814}.Release|Any CPU.ActiveCfg = Release|Any CPU
		{FA114CCB-6459-42F2-938B-B93E8050B814}.Release|Any CPU.Build.0 = Release|Any CPU
	EndGlobalSection
	GlobalSection(SolutionProperties) = preSolution
		HideSolutionNode = FALSE
	EndGlobalSection
	GlobalSection(ExtensibilityGlobals) = postSolution
		SolutionGuid = {8A5B8C46-7443-463A-ABEF-E4B902C13012}
	EndGlobalSection
EndGlobal
