
Microsoft Visual Studio Solution File, Format Version 12.00
# Visual Studio 15
VisualStudioVersion = 15.0.28307.1062
MinimumVisualStudioVersion = 10.0.40219.1
Project("{FAE04EC0-301F-11D3-BF4B-00C04F79EFBC}") = "Andra_2TIA_Latihan1_Pertemuan4", "Andra_2TIA_Latihan1_Pertemuan4\Andra_2TIA_Latihan1_Pertemuan4.csproj", "{819D1614-A096-4897-AABD-94F9181B0CB3}"
EndProject
Global
	GlobalSection(SolutionConfigurationPlatforms) = preSolution
		Debug|Any CPU = Debug|Any CPU
		Release|Any CPU = Release|Any CPU
	EndGlobalSection
	GlobalSection(ProjectConfigurationPlatforms) = postSolution
		{819D1614-A096-4897-AABD-94F9181B0CB3}.Debug|Any CPU.ActiveCfg = Debug|Any CPU
		{819D1614-A096-4897-AABD-94F9181B0CB3}.Debug|Any CPU.Build.0 = Debug|Any CPU
		{819D1614-A096-4897-AABD-94F9181B0CB3}.Release|Any CPU.ActiveCfg = Release|Any CPU
		{819D1614-A096-4897-AABD-94F9181B0CB3}.Release|Any CPU.Build.0 = Release|Any CPU
	EndGlobalSection
	GlobalSection(SolutionProperties) = preSolution
		HideSolutionNode = FALSE
	EndGlobalSection
	GlobalSection(ExtensibilityGlobals) = postSolution
		SolutionGuid = {761AF56D-B14D-49D3-80CE-7B4B51442386}
	EndGlobalSection
EndGlobal
